
Microsoft Visual Studio Solution File, Format Version 12.00
# Visual Studio Version 17
Project("{8BC9CEB8-8B4A-11D0-8D11-00A0C91BC942}") = "ALL_BUILD", "ALL_BUILD.vcxproj", "{1B799302-BDB2-3D24-87C6-983BC96C9B56}"
	ProjectSection(ProjectDependencies) = postProject
		{1D907E4B-B682-3676-9650-6C791EC0BF0E} = {1D907E4B-B682-3676-9650-6C791EC0BF0E}
		{9584AE79-E3F6-3098-ADB7-18534E8B38A3} = {9584AE79-E3F6-3098-ADB7-18534E8B38A3}
		{C2DDEA47-E305-3610-88B3-78DA781CE3E5} = {C2DDEA47-E305-3610-88B3-78DA781CE3E5}
	EndProjectSection
EndProject
Project("{8BC9CEB8-8B4A-11D0-8D11-00A0C91BC942}") = "ZERO_CHECK", "ZERO_CHECK.vcxproj", "{1D907E4B-B682-3676-9650-6C791EC0BF0E}"
	ProjectSection(ProjectDependencies) = postProject
	EndProjectSection
EndProject
Project("{8BC9CEB8-8B4A-11D0-8D11-00A0C91BC942}") = "main", "main.vcxproj", "{9584AE79-E3F6-3098-ADB7-18534E8B38A3}"
	ProjectSection(ProjectDependencies) = postProject
		{1D907E4B-B682-3676-9650-6C791EC0BF0E} = {1D907E4B-B682-3676-9650-6C791EC0BF0E}
		{C2DDEA47-E305-3610-88B3-78DA781CE3E5} = {C2DDEA47-E305-3610-88B3-78DA781CE3E5}
	EndProjectSection
EndProject
Project("{8BC9CEB8-8B4A-11D0-8D11-00A0C91BC942}") = "pocketpy", "pocketpy.vcxproj", "{C2DDEA47-E305-3610-88B3-78DA781CE3E5}"
	ProjectSection(ProjectDependencies) = postProject
		{1D907E4B-B682-3676-9650-6C791EC0BF0E} = {1D907E4B-B682-3676-9650-6C791EC0BF0E}
	EndProjectSection
EndProject
Global
	GlobalSection(SolutionConfigurationPlatforms) = preSolution
		Debug|x64 = Debug|x64
		Release|x64 = Release|x64
		MinSizeRel|x64 = MinSizeRel|x64
		RelWithDebInfo|x64 = RelWithDebInfo|x64
	EndGlobalSection
	GlobalSection(ProjectConfigurationPlatforms) = postSolution
		{1B799302-BDB2-3D24-87C6-983BC96C9B56}.Debug|x64.ActiveCfg = Debug|x64
		{1B799302-BDB2-3D24-87C6-983BC96C9B56}.Release|x64.ActiveCfg = Release|x64
		{1B799302-BDB2-3D24-87C6-983BC96C9B56}.MinSizeRel|x64.ActiveCfg = MinSizeRel|x64
		{1B799302-BDB2-3D24-87C6-983BC96C9B56}.RelWithDebInfo|x64.ActiveCfg = RelWithDebInfo|x64
		{1D907E4B-B682-3676-9650-6C791EC0BF0E}.Debug|x64.ActiveCfg = Debug|x64
		{1D907E4B-B682-3676-9650-6C791EC0BF0E}.Debug|x64.Build.0 = Debug|x64
		{1D907E4B-B682-3676-9650-6C791EC0BF0E}.Release|x64.ActiveCfg = Release|x64
		{1D907E4B-B682-3676-9650-6C791EC0BF0E}.Release|x64.Build.0 = Release|x64
		{1D907E4B-B682-3676-9650-6C791EC0BF0E}.MinSizeRel|x64.ActiveCfg = MinSizeRel|x64
		{1D907E4B-B682-3676-9650-6C791EC0BF0E}.MinSizeRel|x64.Build.0 = MinSizeRel|x64
		{1D907E4B-B682-3676-9650-6C791EC0BF0E}.RelWithDebInfo|x64.ActiveCfg = RelWithDebInfo|x64
		{1D907E4B-B682-3676-9650-6C791EC0BF0E}.RelWithDebInfo|x64.Build.0 = RelWithDebInfo|x64
		{9584AE79-E3F6-3098-ADB7-18534E8B38A3}.Debug|x64.ActiveCfg = Debug|x64
		{9584AE79-E3F6-3098-ADB7-18534E8B38A3}.Debug|x64.Build.0 = Debug|x64
		{9584AE79-E3F6-3098-ADB7-18534E8B38A3}.Release|x64.ActiveCfg = Release|x64
		{9584AE79-E3F6-3098-ADB7-18534E8B38A3}.Release|x64.Build.0 = Release|x64
		{9584AE79-E3F6-3098-ADB7-18534E8B38A3}.MinSizeRel|x64.ActiveCfg = MinSizeRel|x64
		{9584AE79-E3F6-3098-ADB7-18534E8B38A3}.MinSizeRel|x64.Build.0 = MinSizeRel|x64
		{9584AE79-E3F6-3098-ADB7-18534E8B38A3}.RelWithDebInfo|x64.ActiveCfg = RelWithDebInfo|x64
		{9584AE79-E3F6-3098-ADB7-18534E8B38A3}.RelWithDebInfo|x64.Build.0 = RelWithDebInfo|x64
		{C2DDEA47-E305-3610-88B3-78DA781CE3E5}.Debug|x64.ActiveCfg = Debug|x64
		{C2DDEA47-E305-3610-88B3-78DA781CE3E5}.Debug|x64.Build.0 = Debug|x64
		{C2DDEA47-E305-3610-88B3-78DA781CE3E5}.Release|x64.ActiveCfg = Release|x64
		{C2DDEA47-E305-3610-88B3-78DA781CE3E5}.Release|x64.Build.0 = Release|x64
		{C2DDEA47-E305-3610-88B3-78DA781CE3E5}.MinSizeRel|x64.ActiveCfg = MinSizeRel|x64
		{C2DDEA47-E305-3610-88B3-78DA781CE3E5}.MinSizeRel|x64.Build.0 = MinSizeRel|x64
		{C2DDEA47-E305-3610-88B3-78DA781CE3E5}.RelWithDebInfo|x64.ActiveCfg = RelWithDebInfo|x64
		{C2DDEA47-E305-3610-88B3-78DA781CE3E5}.RelWithDebInfo|x64.Build.0 = RelWithDebInfo|x64
	EndGlobalSection
	GlobalSection(ExtensibilityGlobals) = postSolution
		SolutionGuid = {8AA76F84-B562-3D3E-9926-249231D0A2A6}
	EndGlobalSection
	GlobalSection(ExtensibilityAddIns) = postSolution
	EndGlobalSection
EndGlobal
