PODS:
  - FlutterMacOS (1.0.0)
  - pocketpy (2.0.0):
    - FlutterMacOS

DEPENDENCIES:
  - FlutterMacOS (from `Flutter/ephemeral`)
  - pocketpy (from `Flutter/ephemeral/.symlinks/plugins/pocketpy/macos`)

EXTERNAL SOURCES:
  FlutterMacOS:
    :path: Flutter/ephemeral
  pocketpy:
    :path: Flutter/ephemeral/.symlinks/plugins/pocketpy/macos

SPEC CHECKSUMS:
  FlutterMacOS: 8f6f14fa908a6fb3fba0cd85dbd81ec4b251fb24
  pocketpy: b4fdf42a775d9d6498ce13a2dde7fc8f462ea034

PODFILE CHECKSUM: 236401fc2c932af29a9fcf0e97baeeb2d750d367

COCOAPODS: 1.15.2
