PODS:
  - FlutterMacOS (1.0.0)
  - pocketpy (0.0.1):
    - FlutterMacOS

DEPENDENCIES:
  - FlutterMacOS (from `Flutter/ephemeral`)
  - pocketpy (from `Flutter/ephemeral/.symlinks/plugins/pocketpy/macos`)

EXTERNAL SOURCES:
  FlutterMacOS:
    :path: Flutter/ephemeral
  pocketpy:
    :path: Flutter/ephemeral/.symlinks/plugins/pocketpy/macos

SPEC CHECKSUMS:
  FlutterMacOS: 8f6f14fa908a6fb3fba0cd85dbd81ec4b251fb24
  pocketpy: aad616a188d342ec739a5ce7634f508d59b5cba1

PODFILE CHECKSUM: 236401fc2c932af29a9fcf0e97baeeb2d750d367

COCOAPODS: 1.15.2
